
Microsoft Visual Studio Solution File, Format Version 12.00
# Visual Studio Version 17
VisualStudioVersion = 17.0.31903.59
MinimumVisualStudioVersion = 10.0.40219.1
Project("{9A19103F-16F7-4668-BE54-9A1E7A4F7556}") = "PetFamily.Domain.UnitTests", "tests\PetFamily.Domain.UnitTests\PetFamily.Domain.UnitTests.csproj", "{7D72BE99-7458-47CF-9421-324AFBD02E6D}"
EndProject
Project("{2150E333-8FDC-42A3-9474-1A3956D46DE8}") = "src", "src", "{2DE170D3-8A5E-4255-AD0F-0037557D689F}"
EndProject
Project("{2150E333-8FDC-42A3-9474-1A3956D46DE8}") = "tests", "tests", "{04E80B4D-A7E7-4C52-8925-D0477209E9EC}"
EndProject
Project("{9A19103F-16F7-4668-BE54-9A1E7A4F7556}") = "PetFamily.IntegrationTests", "tests\PetFamily.IntegrationTests\PetFamily.IntegrationTests.csproj", "{FA8E8335-328B-4890-8CC5-8DD3744AA913}"
EndProject
Project("{2150E333-8FDC-42A3-9474-1A3956D46DE8}") = "Volunteers", "Volunteers", "{C5B07E83-9F66-47A5-A84F-13D9110C0C13}"
EndProject
Project("{2150E333-8FDC-42A3-9474-1A3956D46DE8}") = "Shared", "Shared", "{C64B7AA4-7BA7-45EB-A4C1-75FA5F23AE1A}"
EndProject
Project("{2150E333-8FDC-42A3-9474-1A3956D46DE8}") = "Species", "Species", "{E743A9CB-DE79-4070-9D01-F161FFE062CA}"
EndProject
Project("{9A19103F-16F7-4668-BE54-9A1E7A4F7556}") = "PetFamily.Volunteers.Application", "src\Volunteers\PetFamily.Volunteers.Application\PetFamily.Volunteers.Application.csproj", "{DEBE68B8-07DE-4E64-AC2D-66EF6FB9DFAB}"
EndProject
Project("{9A19103F-16F7-4668-BE54-9A1E7A4F7556}") = "PetFamily.Volunteers.Domain", "src\Volunteers\PetFamily.Volunteers.Domain\PetFamily.Volunteers.Domain.csproj", "{15D6E66C-42D3-4332-8578-3357468079E6}"
EndProject
Project("{9A19103F-16F7-4668-BE54-9A1E7A4F7556}") = "PetFamily.Volunteers.Presentation", "src\Volunteers\PetFamily.Volunteers.Presentation\PetFamily.Volunteers.Presentation.csproj", "{6C491F34-5DC2-49E7-8315-2FD61DB09C30}"
EndProject
Project("{9A19103F-16F7-4668-BE54-9A1E7A4F7556}") = "PetFamily.Core", "src\Shared\PetFamily.Core\PetFamily.Core.csproj", "{848CAFF7-A986-4ED1-A8EE-913A34E02B13}"
EndProject
Project("{9A19103F-16F7-4668-BE54-9A1E7A4F7556}") = "PetFamily.Framework", "src\Shared\PetFamily.Framework\PetFamily.Framework.csproj", "{5B2B2B01-5EC7-4AFA-ADC5-AF5E7FACB453}"
EndProject
Project("{9A19103F-16F7-4668-BE54-9A1E7A4F7556}") = "PetFamily.SharedKernel", "src\Shared\PetFamily.SharedKernel\PetFamily.SharedKernel.csproj", "{B6EDB945-AF41-4755-9A73-E742E6E82498}"
EndProject
Project("{9A19103F-16F7-4668-BE54-9A1E7A4F7556}") = "PetFamily.Volunteers.Infrastructure", "src\Volunteers\PetFamily.Volunteers.Infrastructure\PetFamily.Volunteers.Infrastructure.csproj", "{68CF963A-6449-49B6-A4EB-2079F1727437}"
EndProject
Project("{2150E333-8FDC-42A3-9474-1A3956D46DE8}") = "Files", "Files", "{6D334E77-D100-472F-BE52-5A7BF419AD7F}"
EndProject
Project("{9A19103F-16F7-4668-BE54-9A1E7A4F7556}") = "PetFamily.Files.Infrastructure", "src\Files\PetFamily.Files.Infrastructure\PetFamily.Files.Infrastructure.csproj", "{3C0AC6FD-CE3A-4A13-BEF9-BA46DAAB186D}"
EndProject
Project("{9A19103F-16F7-4668-BE54-9A1E7A4F7556}") = "PetFamily.Files.Application", "src\Files\PetFamily.Files.Application\PetFamily.Files.Application.csproj", "{D90D10CE-42BD-4250-BD35-99C7313AAB68}"
EndProject
Project("{9A19103F-16F7-4668-BE54-9A1E7A4F7556}") = "PetFamily.Volunteers.Contracts", "src\Volunteers\PetFamily.Volunteers.Contracts\PetFamily.Volunteers.Contracts.csproj", "{C268A142-D047-42D6-8264-C430680FD956}"
EndProject
Project("{9A19103F-16F7-4668-BE54-9A1E7A4F7556}") = "PetFamily.Specieses.Application", "src\Species\PetFamily.Specieses.Application\PetFamily.Specieses.Application.csproj", "{469F13F2-203D-495D-B922-4E2C4B06E3DA}"
EndProject
Project("{9A19103F-16F7-4668-BE54-9A1E7A4F7556}") = "PetFamily.Specieses.Domain", "src\Species\PetFamily.Specieses.Domain\PetFamily.Specieses.Domain.csproj", "{99E497FD-DDD2-467F-AD7B-22C97891764C}"
EndProject
Project("{9A19103F-16F7-4668-BE54-9A1E7A4F7556}") = "PetFamily.Specieses.Contracts", "src\Species\PetFamily.Specieses.Contracts\PetFamily.Specieses.Contracts.csproj", "{6140E23A-0A06-4B93-8C16-5E991E43C47F}"
EndProject
Project("{9A19103F-16F7-4668-BE54-9A1E7A4F7556}") = "PetFamily.Specieses.Presentation", "src\Species\PetFamily.Specieses.Presentation\PetFamily.Specieses.Presentation.csproj", "{2DAF5F6D-6DDA-4000-8A41-36315B4FC024}"
EndProject
Project("{9A19103F-16F7-4668-BE54-9A1E7A4F7556}") = "PetFamily.Specieses.Infrastructure", "src\Species\PetFamily.Specieses.Infrastructure\PetFamily.Specieses.Infrastructure.csproj", "{28A77B21-E82E-457A-AE5C-CABC612B601D}"
EndProject
Project("{9A19103F-16F7-4668-BE54-9A1E7A4F7556}") = "PetFamily.Web", "src\PetFamily.Api\PetFamily.Web.csproj", "{9850F166-598F-4220-9F79-96323B326FD0}"
EndProject
Project("{9A19103F-16F7-4668-BE54-9A1E7A4F7556}") = "PetFamily.Files.Contracts", "src\Files\PetFamily.Files.Contracts\PetFamily.Files.Contracts.csproj", "{1BD45400-ABFD-4F48-8047-BD84D5E52C30}"
EndProject
Project("{9A19103F-16F7-4668-BE54-9A1E7A4F7556}") = "PetFamily.Files.Presentation", "src\Files\PetFamily.Files.Presentation\PetFamily.Files.Presentation.csproj", "{8689F35E-410D-4892-9F74-53522AE42D77}"
EndProject
Project("{2150E333-8FDC-42A3-9474-1A3956D46DE8}") = "Accounts", "Accounts", "{B1A6B550-6504-4EC0-B6CC-52378C029FD1}"
EndProject
Project("{FAE04EC0-301F-11D3-BF4B-00C04F79EFBC}") = "PetFamily.Accounts.Domain", "src\Accounts\PetFamily.Accounts.Domain\PetFamily.Accounts.Domain.csproj", "{DA00C40D-581B-41C0-9292-D09430C0858A}"
EndProject
Project("{FAE04EC0-301F-11D3-BF4B-00C04F79EFBC}") = "PetFamily.Accounts.Application", "src\Accounts\PetFamily.Accounts.Application\PetFamily.Accounts.Application.csproj", "{3C014838-B621-4D95-B513-F090E72E6209}"
EndProject
Project("{FAE04EC0-301F-11D3-BF4B-00C04F79EFBC}") = "PetFamily.Accounts.Infrastructure", "src\Accounts\PetFamily.Accounts.Infrastructure\PetFamily.Accounts.Infrastructure.csproj", "{DB4A1527-5421-499F-B35F-E8AD66AD3A3F}"
EndProject
Project("{FAE04EC0-301F-11D3-BF4B-00C04F79EFBC}") = "PetFamily.Accounts.Contracts", "src\Accounts\PetFamily.Accounts.Contracts\PetFamily.Accounts.Contracts.csproj", "{856340A9-1FF6-4E26-964A-145D9E7E0A20}"
EndProject
Project("{FAE04EC0-301F-11D3-BF4B-00C04F79EFBC}") = "PetFamily.Accounts.Presentation", "src\Accounts\PetFamily.Accounts.Presentation\PetFamily.Accounts.Presentation.csproj", "{BEEF2B0A-69A1-4B2A-B18A-3237462D5EAA}"
EndProject
Project("{2150E333-8FDC-42A3-9474-1A3956D46DE8}") = "VolunteerRequests", "VolunteerRequests", "{36D591C7-65C7-A0D1-1CBC-10CDE441BDC8}"
EndProject
Project("{FAE04EC0-301F-11D3-BF4B-00C04F79EFBC}") = "PetFamily.VolunteerRequests.Application", "src\VolunteerRequests\PetFamily.VolunteerRequests.Application\PetFamily.VolunteerRequests.Application.csproj", "{9A0EF76A-75F3-4B98-A4D5-1824C6EEAC7B}"
EndProject
Project("{FAE04EC0-301F-11D3-BF4B-00C04F79EFBC}") = "PetFamily.VolunteerRequests.Domain", "src\VolunteerRequests\PetFamily.VolunteerRequests.Domain\PetFamily.VolunteerRequests.Domain.csproj", "{EBA4ACE9-0EA8-475D-829E-699B59150C64}"
EndProject
Project("{FAE04EC0-301F-11D3-BF4B-00C04F79EFBC}") = "PetFamily.VolunteerRequests.Contracts", "src\VolunteerRequests\PetFamily.VolunteerRequests.Contracts\PetFamily.VolunteerRequests.Contracts.csproj", "{4DA2A498-3EDB-48E7-BB75-59C79B4EF3EC}"
EndProject
Project("{FAE04EC0-301F-11D3-BF4B-00C04F79EFBC}") = "PetFamily.VolunteerRequests.Infrastructure", "src\VolunteerRequests\PetFamily.VolunteerRequests.Infrastructure\PetFamily.VolunteerRequests.Infrastructure.csproj", "{A971253F-A633-4424-8DE9-EC3006804C61}"
EndProject
Project("{FAE04EC0-301F-11D3-BF4B-00C04F79EFBC}") = "PetFamily.VolunteerRequests.Presentation", "src\VolunteerRequests\PetFamily.VolunteerRequests.Presentation\PetFamily.VolunteerRequests.Presentation.csproj", "{ED8A0846-4275-486A-BC08-7D5C82C54144}"
EndProject
Global
	GlobalSection(SolutionConfigurationPlatforms) = preSolution
		Debug|Any CPU = Debug|Any CPU
		Release|Any CPU = Release|Any CPU
	EndGlobalSection
	GlobalSection(ProjectConfigurationPlatforms) = postSolution
		{7D72BE99-7458-47CF-9421-324AFBD02E6D}.Debug|Any CPU.ActiveCfg = Debug|Any CPU
		{7D72BE99-7458-47CF-9421-324AFBD02E6D}.Debug|Any CPU.Build.0 = Debug|Any CPU
		{7D72BE99-7458-47CF-9421-324AFBD02E6D}.Release|Any CPU.ActiveCfg = Release|Any CPU
		{7D72BE99-7458-47CF-9421-324AFBD02E6D}.Release|Any CPU.Build.0 = Release|Any CPU
		{FA8E8335-328B-4890-8CC5-8DD3744AA913}.Debug|Any CPU.ActiveCfg = Debug|Any CPU
		{FA8E8335-328B-4890-8CC5-8DD3744AA913}.Debug|Any CPU.Build.0 = Debug|Any CPU
		{FA8E8335-328B-4890-8CC5-8DD3744AA913}.Release|Any CPU.ActiveCfg = Release|Any CPU
		{FA8E8335-328B-4890-8CC5-8DD3744AA913}.Release|Any CPU.Build.0 = Release|Any CPU
		{DEBE68B8-07DE-4E64-AC2D-66EF6FB9DFAB}.Debug|Any CPU.ActiveCfg = Debug|Any CPU
		{DEBE68B8-07DE-4E64-AC2D-66EF6FB9DFAB}.Debug|Any CPU.Build.0 = Debug|Any CPU
		{DEBE68B8-07DE-4E64-AC2D-66EF6FB9DFAB}.Release|Any CPU.ActiveCfg = Release|Any CPU
		{DEBE68B8-07DE-4E64-AC2D-66EF6FB9DFAB}.Release|Any CPU.Build.0 = Release|Any CPU
		{15D6E66C-42D3-4332-8578-3357468079E6}.Debug|Any CPU.ActiveCfg = Debug|Any CPU
		{15D6E66C-42D3-4332-8578-3357468079E6}.Debug|Any CPU.Build.0 = Debug|Any CPU
		{15D6E66C-42D3-4332-8578-3357468079E6}.Release|Any CPU.ActiveCfg = Release|Any CPU
		{15D6E66C-42D3-4332-8578-3357468079E6}.Release|Any CPU.Build.0 = Release|Any CPU
		{6C491F34-5DC2-49E7-8315-2FD61DB09C30}.Debug|Any CPU.ActiveCfg = Debug|Any CPU
		{6C491F34-5DC2-49E7-8315-2FD61DB09C30}.Debug|Any CPU.Build.0 = Debug|Any CPU
		{6C491F34-5DC2-49E7-8315-2FD61DB09C30}.Release|Any CPU.ActiveCfg = Release|Any CPU
		{6C491F34-5DC2-49E7-8315-2FD61DB09C30}.Release|Any CPU.Build.0 = Release|Any CPU
		{848CAFF7-A986-4ED1-A8EE-913A34E02B13}.Debug|Any CPU.ActiveCfg = Debug|Any CPU
		{848CAFF7-A986-4ED1-A8EE-913A34E02B13}.Debug|Any CPU.Build.0 = Debug|Any CPU
		{848CAFF7-A986-4ED1-A8EE-913A34E02B13}.Release|Any CPU.ActiveCfg = Release|Any CPU
		{848CAFF7-A986-4ED1-A8EE-913A34E02B13}.Release|Any CPU.Build.0 = Release|Any CPU
		{5B2B2B01-5EC7-4AFA-ADC5-AF5E7FACB453}.Debug|Any CPU.ActiveCfg = Debug|Any CPU
		{5B2B2B01-5EC7-4AFA-ADC5-AF5E7FACB453}.Debug|Any CPU.Build.0 = Debug|Any CPU
		{5B2B2B01-5EC7-4AFA-ADC5-AF5E7FACB453}.Release|Any CPU.ActiveCfg = Release|Any CPU
		{5B2B2B01-5EC7-4AFA-ADC5-AF5E7FACB453}.Release|Any CPU.Build.0 = Release|Any CPU
		{B6EDB945-AF41-4755-9A73-E742E6E82498}.Debug|Any CPU.ActiveCfg = Debug|Any CPU
		{B6EDB945-AF41-4755-9A73-E742E6E82498}.Debug|Any CPU.Build.0 = Debug|Any CPU
		{B6EDB945-AF41-4755-9A73-E742E6E82498}.Release|Any CPU.ActiveCfg = Release|Any CPU
		{B6EDB945-AF41-4755-9A73-E742E6E82498}.Release|Any CPU.Build.0 = Release|Any CPU
		{68CF963A-6449-49B6-A4EB-2079F1727437}.Debug|Any CPU.ActiveCfg = Debug|Any CPU
		{68CF963A-6449-49B6-A4EB-2079F1727437}.Debug|Any CPU.Build.0 = Debug|Any CPU
		{68CF963A-6449-49B6-A4EB-2079F1727437}.Release|Any CPU.ActiveCfg = Release|Any CPU
		{68CF963A-6449-49B6-A4EB-2079F1727437}.Release|Any CPU.Build.0 = Release|Any CPU
		{3C0AC6FD-CE3A-4A13-BEF9-BA46DAAB186D}.Debug|Any CPU.ActiveCfg = Debug|Any CPU
		{3C0AC6FD-CE3A-4A13-BEF9-BA46DAAB186D}.Debug|Any CPU.Build.0 = Debug|Any CPU
		{3C0AC6FD-CE3A-4A13-BEF9-BA46DAAB186D}.Release|Any CPU.ActiveCfg = Release|Any CPU
		{3C0AC6FD-CE3A-4A13-BEF9-BA46DAAB186D}.Release|Any CPU.Build.0 = Release|Any CPU
		{D90D10CE-42BD-4250-BD35-99C7313AAB68}.Debug|Any CPU.ActiveCfg = Debug|Any CPU
		{D90D10CE-42BD-4250-BD35-99C7313AAB68}.Debug|Any CPU.Build.0 = Debug|Any CPU
		{D90D10CE-42BD-4250-BD35-99C7313AAB68}.Release|Any CPU.ActiveCfg = Release|Any CPU
		{D90D10CE-42BD-4250-BD35-99C7313AAB68}.Release|Any CPU.Build.0 = Release|Any CPU
		{C268A142-D047-42D6-8264-C430680FD956}.Debug|Any CPU.ActiveCfg = Debug|Any CPU
		{C268A142-D047-42D6-8264-C430680FD956}.Debug|Any CPU.Build.0 = Debug|Any CPU
		{C268A142-D047-42D6-8264-C430680FD956}.Release|Any CPU.ActiveCfg = Release|Any CPU
		{C268A142-D047-42D6-8264-C430680FD956}.Release|Any CPU.Build.0 = Release|Any CPU
		{469F13F2-203D-495D-B922-4E2C4B06E3DA}.Debug|Any CPU.ActiveCfg = Debug|Any CPU
		{469F13F2-203D-495D-B922-4E2C4B06E3DA}.Debug|Any CPU.Build.0 = Debug|Any CPU
		{469F13F2-203D-495D-B922-4E2C4B06E3DA}.Release|Any CPU.ActiveCfg = Release|Any CPU
		{469F13F2-203D-495D-B922-4E2C4B06E3DA}.Release|Any CPU.Build.0 = Release|Any CPU
		{99E497FD-DDD2-467F-AD7B-22C97891764C}.Debug|Any CPU.ActiveCfg = Debug|Any CPU
		{99E497FD-DDD2-467F-AD7B-22C97891764C}.Debug|Any CPU.Build.0 = Debug|Any CPU
		{99E497FD-DDD2-467F-AD7B-22C97891764C}.Release|Any CPU.ActiveCfg = Release|Any CPU
		{99E497FD-DDD2-467F-AD7B-22C97891764C}.Release|Any CPU.Build.0 = Release|Any CPU
		{6140E23A-0A06-4B93-8C16-5E991E43C47F}.Debug|Any CPU.ActiveCfg = Debug|Any CPU
		{6140E23A-0A06-4B93-8C16-5E991E43C47F}.Debug|Any CPU.Build.0 = Debug|Any CPU
		{6140E23A-0A06-4B93-8C16-5E991E43C47F}.Release|Any CPU.ActiveCfg = Release|Any CPU
		{6140E23A-0A06-4B93-8C16-5E991E43C47F}.Release|Any CPU.Build.0 = Release|Any CPU
		{2DAF5F6D-6DDA-4000-8A41-36315B4FC024}.Debug|Any CPU.ActiveCfg = Debug|Any CPU
		{2DAF5F6D-6DDA-4000-8A41-36315B4FC024}.Debug|Any CPU.Build.0 = Debug|Any CPU
		{2DAF5F6D-6DDA-4000-8A41-36315B4FC024}.Release|Any CPU.ActiveCfg = Release|Any CPU
		{2DAF5F6D-6DDA-4000-8A41-36315B4FC024}.Release|Any CPU.Build.0 = Release|Any CPU
		{28A77B21-E82E-457A-AE5C-CABC612B601D}.Debug|Any CPU.ActiveCfg = Debug|Any CPU
		{28A77B21-E82E-457A-AE5C-CABC612B601D}.Debug|Any CPU.Build.0 = Debug|Any CPU
		{28A77B21-E82E-457A-AE5C-CABC612B601D}.Release|Any CPU.ActiveCfg = Release|Any CPU
		{28A77B21-E82E-457A-AE5C-CABC612B601D}.Release|Any CPU.Build.0 = Release|Any CPU
		{9850F166-598F-4220-9F79-96323B326FD0}.Debug|Any CPU.ActiveCfg = Debug|Any CPU
		{9850F166-598F-4220-9F79-96323B326FD0}.Debug|Any CPU.Build.0 = Debug|Any CPU
		{9850F166-598F-4220-9F79-96323B326FD0}.Release|Any CPU.ActiveCfg = Release|Any CPU
		{9850F166-598F-4220-9F79-96323B326FD0}.Release|Any CPU.Build.0 = Release|Any CPU
		{1BD45400-ABFD-4F48-8047-BD84D5E52C30}.Debug|Any CPU.ActiveCfg = Debug|Any CPU
		{1BD45400-ABFD-4F48-8047-BD84D5E52C30}.Debug|Any CPU.Build.0 = Debug|Any CPU
		{1BD45400-ABFD-4F48-8047-BD84D5E52C30}.Release|Any CPU.ActiveCfg = Release|Any CPU
		{1BD45400-ABFD-4F48-8047-BD84D5E52C30}.Release|Any CPU.Build.0 = Release|Any CPU
		{8689F35E-410D-4892-9F74-53522AE42D77}.Debug|Any CPU.ActiveCfg = Debug|Any CPU
		{8689F35E-410D-4892-9F74-53522AE42D77}.Debug|Any CPU.Build.0 = Debug|Any CPU
		{8689F35E-410D-4892-9F74-53522AE42D77}.Release|Any CPU.ActiveCfg = Release|Any CPU
		{8689F35E-410D-4892-9F74-53522AE42D77}.Release|Any CPU.Build.0 = Release|Any CPU
		{DA00C40D-581B-41C0-9292-D09430C0858A}.Debug|Any CPU.ActiveCfg = Debug|Any CPU
		{DA00C40D-581B-41C0-9292-D09430C0858A}.Debug|Any CPU.Build.0 = Debug|Any CPU
		{DA00C40D-581B-41C0-9292-D09430C0858A}.Release|Any CPU.ActiveCfg = Release|Any CPU
		{DA00C40D-581B-41C0-9292-D09430C0858A}.Release|Any CPU.Build.0 = Release|Any CPU
		{3C014838-B621-4D95-B513-F090E72E6209}.Debug|Any CPU.ActiveCfg = Debug|Any CPU
		{3C014838-B621-4D95-B513-F090E72E6209}.Debug|Any CPU.Build.0 = Debug|Any CPU
		{3C014838-B621-4D95-B513-F090E72E6209}.Release|Any CPU.ActiveCfg = Release|Any CPU
		{3C014838-B621-4D95-B513-F090E72E6209}.Release|Any CPU.Build.0 = Release|Any CPU
		{DB4A1527-5421-499F-B35F-E8AD66AD3A3F}.Debug|Any CPU.ActiveCfg = Debug|Any CPU
		{DB4A1527-5421-499F-B35F-E8AD66AD3A3F}.Debug|Any CPU.Build.0 = Debug|Any CPU
		{DB4A1527-5421-499F-B35F-E8AD66AD3A3F}.Release|Any CPU.ActiveCfg = Release|Any CPU
		{DB4A1527-5421-499F-B35F-E8AD66AD3A3F}.Release|Any CPU.Build.0 = Release|Any CPU
		{856340A9-1FF6-4E26-964A-145D9E7E0A20}.Debug|Any CPU.ActiveCfg = Debug|Any CPU
		{856340A9-1FF6-4E26-964A-145D9E7E0A20}.Debug|Any CPU.Build.0 = Debug|Any CPU
		{856340A9-1FF6-4E26-964A-145D9E7E0A20}.Release|Any CPU.ActiveCfg = Release|Any CPU
		{856340A9-1FF6-4E26-964A-145D9E7E0A20}.Release|Any CPU.Build.0 = Release|Any CPU
		{BEEF2B0A-69A1-4B2A-B18A-3237462D5EAA}.Debug|Any CPU.ActiveCfg = Debug|Any CPU
		{BEEF2B0A-69A1-4B2A-B18A-3237462D5EAA}.Debug|Any CPU.Build.0 = Debug|Any CPU
		{BEEF2B0A-69A1-4B2A-B18A-3237462D5EAA}.Release|Any CPU.ActiveCfg = Release|Any CPU
		{BEEF2B0A-69A1-4B2A-B18A-3237462D5EAA}.Release|Any CPU.Build.0 = Release|Any CPU
		{9A0EF76A-75F3-4B98-A4D5-1824C6EEAC7B}.Debug|Any CPU.ActiveCfg = Debug|Any CPU
		{9A0EF76A-75F3-4B98-A4D5-1824C6EEAC7B}.Debug|Any CPU.Build.0 = Debug|Any CPU
		{9A0EF76A-75F3-4B98-A4D5-1824C6EEAC7B}.Release|Any CPU.ActiveCfg = Release|Any CPU
		{9A0EF76A-75F3-4B98-A4D5-1824C6EEAC7B}.Release|Any CPU.Build.0 = Release|Any CPU
		{EBA4ACE9-0EA8-475D-829E-699B59150C64}.Debug|Any CPU.ActiveCfg = Debug|Any CPU
		{EBA4ACE9-0EA8-475D-829E-699B59150C64}.Debug|Any CPU.Build.0 = Debug|Any CPU
		{EBA4ACE9-0EA8-475D-829E-699B59150C64}.Release|Any CPU.ActiveCfg = Release|Any CPU
		{EBA4ACE9-0EA8-475D-829E-699B59150C64}.Release|Any CPU.Build.0 = Release|Any CPU
		{4DA2A498-3EDB-48E7-BB75-59C79B4EF3EC}.Debug|Any CPU.ActiveCfg = Debug|Any CPU
		{4DA2A498-3EDB-48E7-BB75-59C79B4EF3EC}.Debug|Any CPU.Build.0 = Debug|Any CPU
		{4DA2A498-3EDB-48E7-BB75-59C79B4EF3EC}.Release|Any CPU.ActiveCfg = Release|Any CPU
		{4DA2A498-3EDB-48E7-BB75-59C79B4EF3EC}.Release|Any CPU.Build.0 = Release|Any CPU
		{A971253F-A633-4424-8DE9-EC3006804C61}.Debug|Any CPU.ActiveCfg = Debug|Any CPU
		{A971253F-A633-4424-8DE9-EC3006804C61}.Debug|Any CPU.Build.0 = Debug|Any CPU
		{A971253F-A633-4424-8DE9-EC3006804C61}.Release|Any CPU.ActiveCfg = Release|Any CPU
		{A971253F-A633-4424-8DE9-EC3006804C61}.Release|Any CPU.Build.0 = Release|Any CPU
		{ED8A0846-4275-486A-BC08-7D5C82C54144}.Debug|Any CPU.ActiveCfg = Debug|Any CPU
		{ED8A0846-4275-486A-BC08-7D5C82C54144}.Debug|Any CPU.Build.0 = Debug|Any CPU
		{ED8A0846-4275-486A-BC08-7D5C82C54144}.Release|Any CPU.ActiveCfg = Release|Any CPU
		{ED8A0846-4275-486A-BC08-7D5C82C54144}.Release|Any CPU.Build.0 = Release|Any CPU
	EndGlobalSection
	GlobalSection(SolutionProperties) = preSolution
		HideSolutionNode = FALSE
	EndGlobalSection
	GlobalSection(NestedProjects) = preSolution
		{7D72BE99-7458-47CF-9421-324AFBD02E6D} = {04E80B4D-A7E7-4C52-8925-D0477209E9EC}
		{FA8E8335-328B-4890-8CC5-8DD3744AA913} = {04E80B4D-A7E7-4C52-8925-D0477209E9EC}
		{C5B07E83-9F66-47A5-A84F-13D9110C0C13} = {2DE170D3-8A5E-4255-AD0F-0037557D689F}
		{C64B7AA4-7BA7-45EB-A4C1-75FA5F23AE1A} = {2DE170D3-8A5E-4255-AD0F-0037557D689F}
		{E743A9CB-DE79-4070-9D01-F161FFE062CA} = {2DE170D3-8A5E-4255-AD0F-0037557D689F}
		{DEBE68B8-07DE-4E64-AC2D-66EF6FB9DFAB} = {C5B07E83-9F66-47A5-A84F-13D9110C0C13}
		{15D6E66C-42D3-4332-8578-3357468079E6} = {C5B07E83-9F66-47A5-A84F-13D9110C0C13}
		{6C491F34-5DC2-49E7-8315-2FD61DB09C30} = {C5B07E83-9F66-47A5-A84F-13D9110C0C13}
		{848CAFF7-A986-4ED1-A8EE-913A34E02B13} = {C64B7AA4-7BA7-45EB-A4C1-75FA5F23AE1A}
		{5B2B2B01-5EC7-4AFA-ADC5-AF5E7FACB453} = {C64B7AA4-7BA7-45EB-A4C1-75FA5F23AE1A}
		{B6EDB945-AF41-4755-9A73-E742E6E82498} = {C64B7AA4-7BA7-45EB-A4C1-75FA5F23AE1A}
		{68CF963A-6449-49B6-A4EB-2079F1727437} = {C5B07E83-9F66-47A5-A84F-13D9110C0C13}
		{6D334E77-D100-472F-BE52-5A7BF419AD7F} = {2DE170D3-8A5E-4255-AD0F-0037557D689F}
		{3C0AC6FD-CE3A-4A13-BEF9-BA46DAAB186D} = {6D334E77-D100-472F-BE52-5A7BF419AD7F}
		{D90D10CE-42BD-4250-BD35-99C7313AAB68} = {6D334E77-D100-472F-BE52-5A7BF419AD7F}
		{C268A142-D047-42D6-8264-C430680FD956} = {C5B07E83-9F66-47A5-A84F-13D9110C0C13}
		{469F13F2-203D-495D-B922-4E2C4B06E3DA} = {E743A9CB-DE79-4070-9D01-F161FFE062CA}
		{99E497FD-DDD2-467F-AD7B-22C97891764C} = {E743A9CB-DE79-4070-9D01-F161FFE062CA}
		{6140E23A-0A06-4B93-8C16-5E991E43C47F} = {E743A9CB-DE79-4070-9D01-F161FFE062CA}
		{2DAF5F6D-6DDA-4000-8A41-36315B4FC024} = {E743A9CB-DE79-4070-9D01-F161FFE062CA}
		{28A77B21-E82E-457A-AE5C-CABC612B601D} = {E743A9CB-DE79-4070-9D01-F161FFE062CA}
		{9850F166-598F-4220-9F79-96323B326FD0} = {2DE170D3-8A5E-4255-AD0F-0037557D689F}
		{1BD45400-ABFD-4F48-8047-BD84D5E52C30} = {6D334E77-D100-472F-BE52-5A7BF419AD7F}
		{8689F35E-410D-4892-9F74-53522AE42D77} = {6D334E77-D100-472F-BE52-5A7BF419AD7F}
		{B1A6B550-6504-4EC0-B6CC-52378C029FD1} = {2DE170D3-8A5E-4255-AD0F-0037557D689F}
		{DA00C40D-581B-41C0-9292-D09430C0858A} = {B1A6B550-6504-4EC0-B6CC-52378C029FD1}
		{3C014838-B621-4D95-B513-F090E72E6209} = {B1A6B550-6504-4EC0-B6CC-52378C029FD1}
		{DB4A1527-5421-499F-B35F-E8AD66AD3A3F} = {B1A6B550-6504-4EC0-B6CC-52378C029FD1}
		{856340A9-1FF6-4E26-964A-145D9E7E0A20} = {B1A6B550-6504-4EC0-B6CC-52378C029FD1}
		{BEEF2B0A-69A1-4B2A-B18A-3237462D5EAA} = {B1A6B550-6504-4EC0-B6CC-52378C029FD1}
		{36D591C7-65C7-A0D1-1CBC-10CDE441BDC8} = {2DE170D3-8A5E-4255-AD0F-0037557D689F}
		{9A0EF76A-75F3-4B98-A4D5-1824C6EEAC7B} = {36D591C7-65C7-A0D1-1CBC-10CDE441BDC8}
		{EBA4ACE9-0EA8-475D-829E-699B59150C64} = {36D591C7-65C7-A0D1-1CBC-10CDE441BDC8}
		{4DA2A498-3EDB-48E7-BB75-59C79B4EF3EC} = {36D591C7-65C7-A0D1-1CBC-10CDE441BDC8}
		{A971253F-A633-4424-8DE9-EC3006804C61} = {36D591C7-65C7-A0D1-1CBC-10CDE441BDC8}
		{ED8A0846-4275-486A-BC08-7D5C82C54144} = {36D591C7-65C7-A0D1-1CBC-10CDE441BDC8}
	EndGlobalSection
	GlobalSection(ExtensibilityGlobals) = postSolution
		SolutionGuid = {984C7ACC-7D2F-4EDE-B88C-9EF0ED5C495A}
	EndGlobalSection
EndGlobal
